
Microsoft Visual Studio Solution File, Format Version 12.00
# Visual Studio Version 17
VisualStudioVersion = 17.5.33530.505
MinimumVisualStudioVersion = 10.0.40219.1
Project("{FAE04EC0-301F-11D3-BF4B-00C04F79EFBC}") = "8_LINQ-6", "8_LINQ-6\8_LINQ-6.csproj", "{D55E1265-E8AB-4522-8162-A7EE4153C8FD}"
EndProject
Global
	GlobalSection(SolutionConfigurationPlatforms) = preSolution
		Debug|Any CPU = Debug|Any CPU
		Release|Any CPU = Release|Any CPU
	EndGlobalSection
	GlobalSection(ProjectConfigurationPlatforms) = postSolution
		{D55E1265-E8AB-4522-8162-A7EE4153C8FD}.Debug|Any CPU.ActiveCfg = Debug|Any CPU
		{D55E1265-E8AB-4522-8162-A7EE4153C8FD}.Debug|Any CPU.Build.0 = Debug|Any CPU
		{D55E1265-E8AB-4522-8162-A7EE4153C8FD}.Release|Any CPU.ActiveCfg = Release|Any CPU
		{D55E1265-E8AB-4522-8162-A7EE4153C8FD}.Release|Any CPU.Build.0 = Release|Any CPU
	EndGlobalSection
	GlobalSection(SolutionProperties) = preSolution
		HideSolutionNode = FALSE
	EndGlobalSection
	GlobalSection(ExtensibilityGlobals) = postSolution
		SolutionGuid = {6D3DA402-DC5B-4AA1-9C75-CFB14720359B}
	EndGlobalSection
EndGlobal
